
Microsoft Visual Studio Solution File, Format Version 12.00
# Visual Studio Version 16
VisualStudioVersion = 25.0.1706.4
MinimumVisualStudioVersion = 10.0.40219.1
Project("{2150E333-8FDC-42A3-9474-1A3956D46DE8}") = "Core", "Core", "{D56C3BA5-73EF-413E-BE02-274BA2B2C015}"
EndProject
Project("{2150E333-8FDC-42A3-9474-1A3956D46DE8}") = "Infrastructure", "Infrastructure", "{A78BF5BB-FDB0-46F1-84FE-7784D956272B}"
EndProject
Project("{2150E333-8FDC-42A3-9474-1A3956D46DE8}") = "Presentation", "Presentation", "{22D772B6-09CB-4D57-9308-1510F1BA7014}"
EndProject
Project("{FAE04EC0-301F-11D3-BF4B-00C04F79EFBC}") = "Application", "Core\Application\Application.csproj", "{F857C39B-06EC-4391-9FE4-CCB4CA146111}"
EndProject
Project("{FAE04EC0-301F-11D3-BF4B-00C04F79EFBC}") = "Persistence", "Infrastructure\Persistence\Persistence.csproj", "{6CE0DED9-4AF1-41A2-BCF5-EA57DC3CE5F2}"
EndProject
Project("{FAE04EC0-301F-11D3-BF4B-00C04F79EFBC}") = "Api", "Presentation\Api\Api.csproj", "{1ED8B38B-1F75-44B7-BB63-8380E8A5138D}"
EndProject
Global
	GlobalSection(SolutionConfigurationPlatforms) = preSolution
		Debug|Any CPU = Debug|Any CPU
		Release|Any CPU = Release|Any CPU
	EndGlobalSection
	GlobalSection(ProjectConfigurationPlatforms) = postSolution
		{F857C39B-06EC-4391-9FE4-CCB4CA146111}.Debug|Any CPU.ActiveCfg = Debug|Any CPU
		{F857C39B-06EC-4391-9FE4-CCB4CA146111}.Debug|Any CPU.Build.0 = Debug|Any CPU
		{F857C39B-06EC-4391-9FE4-CCB4CA146111}.Release|Any CPU.ActiveCfg = Release|Any CPU
		{F857C39B-06EC-4391-9FE4-CCB4CA146111}.Release|Any CPU.Build.0 = Release|Any CPU
		{6CE0DED9-4AF1-41A2-BCF5-EA57DC3CE5F2}.Debug|Any CPU.ActiveCfg = Debug|Any CPU
		{6CE0DED9-4AF1-41A2-BCF5-EA57DC3CE5F2}.Debug|Any CPU.Build.0 = Debug|Any CPU
		{6CE0DED9-4AF1-41A2-BCF5-EA57DC3CE5F2}.Release|Any CPU.ActiveCfg = Release|Any CPU
		{6CE0DED9-4AF1-41A2-BCF5-EA57DC3CE5F2}.Release|Any CPU.Build.0 = Release|Any CPU
		{1ED8B38B-1F75-44B7-BB63-8380E8A5138D}.Debug|Any CPU.ActiveCfg = Debug|Any CPU
		{1ED8B38B-1F75-44B7-BB63-8380E8A5138D}.Debug|Any CPU.Build.0 = Debug|Any CPU
		{1ED8B38B-1F75-44B7-BB63-8380E8A5138D}.Release|Any CPU.ActiveCfg = Release|Any CPU
		{1ED8B38B-1F75-44B7-BB63-8380E8A5138D}.Release|Any CPU.Build.0 = Release|Any CPU
	EndGlobalSection
	GlobalSection(SolutionProperties) = preSolution
		HideSolutionNode = FALSE
	EndGlobalSection
	GlobalSection(ExtensibilityGlobals) = postSolution
		SolutionGuid = {BFA13EE6-E45C-4B38-81EF-EE9B73E32664}
	EndGlobalSection
	GlobalSection(NestedProjects) = preSolution
		{F857C39B-06EC-4391-9FE4-CCB4CA146111} = {D56C3BA5-73EF-413E-BE02-274BA2B2C015}
		{6CE0DED9-4AF1-41A2-BCF5-EA57DC3CE5F2} = {A78BF5BB-FDB0-46F1-84FE-7784D956272B}
		{1ED8B38B-1F75-44B7-BB63-8380E8A5138D} = {22D772B6-09CB-4D57-9308-1510F1BA7014}
	EndGlobalSection
EndGlobal
